
Microsoft Visual Studio Solution File, Format Version 12.00
# Visual Studio Version 16
VisualStudioVersion = 16.0.29709.97
MinimumVisualStudioVersion = 10.0.40219.1
Project("{FAE04EC0-301F-11D3-BF4B-00C04F79EFBC}") = "BusExpense", "BusExpense\BusExpense.csproj", "{D322983C-F5B0-4373-BCC9-CD156EC5C936}"
EndProject
Global
	GlobalSection(SolutionConfigurationPlatforms) = preSolution
		Debug|Any CPU = Debug|Any CPU
		Release|Any CPU = Release|Any CPU
	EndGlobalSection
	GlobalSection(ProjectConfigurationPlatforms) = postSolution
		{D322983C-F5B0-4373-BCC9-CD156EC5C936}.Debug|Any CPU.ActiveCfg = Debug|Any CPU
		{D322983C-F5B0-4373-BCC9-CD156EC5C936}.Debug|Any CPU.Build.0 = Debug|Any CPU
		{D322983C-F5B0-4373-BCC9-CD156EC5C936}.Release|Any CPU.ActiveCfg = Release|Any CPU
		{D322983C-F5B0-4373-BCC9-CD156EC5C936}.Release|Any CPU.Build.0 = Release|Any CPU
	EndGlobalSection
	GlobalSection(SolutionProperties) = preSolution
		HideSolutionNode = FALSE
	EndGlobalSection
	GlobalSection(ExtensibilityGlobals) = postSolution
		SolutionGuid = {6B504553-AF9D-4A31-8E81-33283A1A0E41}
	EndGlobalSection
EndGlobal
